
Microsoft Visual Studio Solution File, Format Version 12.00
# Visual Studio Version 17
VisualStudioVersion = 17.0.31903.59
MinimumVisualStudioVersion = 10.0.40219.1
Project("{9A19103F-16F7-4668-BE54-9A1E7A4F7556}") = "Pubtran.Api", "src\Pubtran.Api\Pubtran.Api.csproj", "{F08E25D8-8014-4707-808F-0BB8C5124316}"
EndProject
Project("{9A19103F-16F7-4668-BE54-9A1E7A4F7556}") = "Pubtran.WinForms", "src\Pubtran.WinForms\Pubtran.WinForms.csproj", "{3B6C1A52-7E0B-4C4F-9C1D-5B2A8E3F9D10}"
EndProject
Global
	GlobalSection(SolutionConfigurationPlatforms) = preSolution
		Debug|Any CPU = Debug|Any CPU
		Release|Any CPU = Release|Any CPU
	EndGlobalSection
	GlobalSection(ProjectConfigurationPlatforms) = postSolution
		{F08E25D8-8014-4707-808F-0BB8C5124316}.Debug|Any CPU.ActiveCfg = Debug|Any CPU
		{F08E25D8-8014-4707-808F-0BB8C5124316}.Debug|Any CPU.Build.0 = Debug|Any CPU
		{F08E25D8-8014-4707-808F-0BB8C5124316}.Release|Any CPU.ActiveCfg = Release|Any CPU
		{F08E25D8-8014-4707-808F-0BB8C5124316}.Release|Any CPU.Build.0 = Release|Any CPU
		{3B6C1A52-7E0B-4C4F-9C1D-5B2A8E3F9D10}.Debug|Any CPU.ActiveCfg = Debug|Any CPU
		{3B6C1A52-7E0B-4C4F-9C1D-5B2A8E3F9D10}.Debug|Any CPU.Build.0 = Debug|Any CPU
		{3B6C1A52-7E0B-4C4F-9C1D-5B2A8E3F9D10}.Release|Any CPU.ActiveCfg = Release|Any CPU
		{3B6C1A52-7E0B-4C4F-9C1D-5B2A8E3F9D10}.Release|Any CPU.Build.0 = Release|Any CPU
	EndGlobalSection
	GlobalSection(SolutionProperties) = preSolution
		HideSolutionNode = FALSE
	EndGlobalSection
EndGlobal
